
Microsoft Visual Studio Solution File, Format Version 12.00
# Visual Studio 15
VisualStudioVersion = 15.0.27130.2010
MinimumVisualStudioVersion = 10.0.40219.1
Project("{2150E333-8FDC-42A3-9474-1A3956D46DE8}") = "3rdParty", "3rdParty", "{BA9BB67B-6E5C-464B-8703-6A2403B5A6F0}"
EndProject
Project("{FAE04EC0-301F-11D3-BF4B-00C04F79EFBC}") = "Common", "Common\Common.csproj", "{D391C8B3-42E9-40FA-9ACE-893FDBE0302D}"
EndProject
Project("{FAE04EC0-301F-11D3-BF4B-00C04F79EFBC}") = "Gdax", "Gdax\Gdax.csproj", "{C63D0E5A-73C6-4D36-B75A-7B08F86C891A}"
EndProject
Project("{FAE04EC0-301F-11D3-BF4B-00C04F79EFBC}") = "Interface", "Interface\Interface.csproj", "{948D2F61-D3EF-4A9E-9B66-A65366F93D6B}"
EndProject
Project("{FAE04EC0-301F-11D3-BF4B-00C04F79EFBC}") = "Kraken", "Kraken\Kraken.csproj", "{D340C0AF-E8A9-4337-B50E-373CACD0DC05}"
EndProject
Project("{FAE04EC0-301F-11D3-BF4B-00C04F79EFBC}") = "UtilsInterface", "UtilsInterface\UtilsInterface.csproj", "{005E9AFB-908E-465C-9D46-5CFD037A60FB}"
EndProject
Project("{FAE04EC0-301F-11D3-BF4B-00C04F79EFBC}") = "Arbitrager", "Arbitrager\Arbitrager.csproj", "{15F36A63-082C-46A7-ABCF-AF81E35C48AA}"
EndProject
Project("{FAE04EC0-301F-11D3-BF4B-00C04F79EFBC}") = "GDAXClient", "3rdParty\GDAXClient\GDAXClient.csproj", "{480FF4DD-A6B3-4202-AB9B-1E88878801BE}"
EndProject
Project("{FAE04EC0-301F-11D3-BF4B-00C04F79EFBC}") = "Tests", "Tests\Tests.csproj", "{126201DE-2BBE-4841-A32F-56224B5B592A}"
EndProject
Project("{FAE04EC0-301F-11D3-BF4B-00C04F79EFBC}") = "KrakenApi", "3rdParty\KrakenApi\KrakenApi.csproj", "{DD5D6886-79E1-40D7-80EA-4D99F36BD36B}"
EndProject
Project("{FAE04EC0-301F-11D3-BF4B-00C04F79EFBC}") = "DatabaseAccess", "DatabaseAccess\DatabaseAccess.csproj", "{B954A9AB-3045-4C36-8D9E-2F1245B09AE4}"
EndProject
Project("{FAE04EC0-301F-11D3-BF4B-00C04F79EFBC}") = "ArbitrageDataOutputter", "ArbitrageDataOutputter\ArbitrageDataOutputter.csproj", "{DFD361F9-58C2-42CC-B992-77FC00D7A15F}"
EndProject
Project("{FAE04EC0-301F-11D3-BF4B-00C04F79EFBC}") = "Arbitrager.API", "Arbitrager.API\Arbitrager.API.csproj", "{16C7FC7C-1BC3-4193-909C-81EFD3113A39}"
EndProject
Global
	GlobalSection(SolutionConfigurationPlatforms) = preSolution
		Debug|Any CPU = Debug|Any CPU
		Release|Any CPU = Release|Any CPU
	EndGlobalSection
	GlobalSection(ProjectConfigurationPlatforms) = postSolution
		{D391C8B3-42E9-40FA-9ACE-893FDBE0302D}.Debug|Any CPU.ActiveCfg = Debug|Any CPU
		{D391C8B3-42E9-40FA-9ACE-893FDBE0302D}.Debug|Any CPU.Build.0 = Debug|Any CPU
		{D391C8B3-42E9-40FA-9ACE-893FDBE0302D}.Release|Any CPU.ActiveCfg = Release|Any CPU
		{D391C8B3-42E9-40FA-9ACE-893FDBE0302D}.Release|Any CPU.Build.0 = Release|Any CPU
		{C63D0E5A-73C6-4D36-B75A-7B08F86C891A}.Debug|Any CPU.ActiveCfg = Debug|Any CPU
		{C63D0E5A-73C6-4D36-B75A-7B08F86C891A}.Debug|Any CPU.Build.0 = Debug|Any CPU
		{C63D0E5A-73C6-4D36-B75A-7B08F86C891A}.Release|Any CPU.ActiveCfg = Release|Any CPU
		{C63D0E5A-73C6-4D36-B75A-7B08F86C891A}.Release|Any CPU.Build.0 = Release|Any CPU
		{948D2F61-D3EF-4A9E-9B66-A65366F93D6B}.Debug|Any CPU.ActiveCfg = Debug|Any CPU
		{948D2F61-D3EF-4A9E-9B66-A65366F93D6B}.Debug|Any CPU.Build.0 = Debug|Any CPU
		{948D2F61-D3EF-4A9E-9B66-A65366F93D6B}.Release|Any CPU.ActiveCfg = Release|Any CPU
		{948D2F61-D3EF-4A9E-9B66-A65366F93D6B}.Release|Any CPU.Build.0 = Release|Any CPU
		{D340C0AF-E8A9-4337-B50E-373CACD0DC05}.Debug|Any CPU.ActiveCfg = Debug|Any CPU
		{D340C0AF-E8A9-4337-B50E-373CACD0DC05}.Debug|Any CPU.Build.0 = Debug|Any CPU
		{D340C0AF-E8A9-4337-B50E-373CACD0DC05}.Release|Any CPU.ActiveCfg = Release|Any CPU
		{D340C0AF-E8A9-4337-B50E-373CACD0DC05}.Release|Any CPU.Build.0 = Release|Any CPU
		{005E9AFB-908E-465C-9D46-5CFD037A60FB}.Debug|Any CPU.ActiveCfg = Debug|Any CPU
		{005E9AFB-908E-465C-9D46-5CFD037A60FB}.Debug|Any CPU.Build.0 = Debug|Any CPU
		{005E9AFB-908E-465C-9D46-5CFD037A60FB}.Release|Any CPU.ActiveCfg = Release|Any CPU
		{005E9AFB-908E-465C-9D46-5CFD037A60FB}.Release|Any CPU.Build.0 = Release|Any CPU
		{15F36A63-082C-46A7-ABCF-AF81E35C48AA}.Debug|Any CPU.ActiveCfg = Debug|Any CPU
		{15F36A63-082C-46A7-ABCF-AF81E35C48AA}.Debug|Any CPU.Build.0 = Debug|Any CPU
		{15F36A63-082C-46A7-ABCF-AF81E35C48AA}.Release|Any CPU.ActiveCfg = Release|Any CPU
		{15F36A63-082C-46A7-ABCF-AF81E35C48AA}.Release|Any CPU.Build.0 = Release|Any CPU
		{480FF4DD-A6B3-4202-AB9B-1E88878801BE}.Debug|Any CPU.ActiveCfg = Debug|Any CPU
		{480FF4DD-A6B3-4202-AB9B-1E88878801BE}.Debug|Any CPU.Build.0 = Debug|Any CPU
		{480FF4DD-A6B3-4202-AB9B-1E88878801BE}.Release|Any CPU.ActiveCfg = Release|Any CPU
		{480FF4DD-A6B3-4202-AB9B-1E88878801BE}.Release|Any CPU.Build.0 = Release|Any CPU
		{126201DE-2BBE-4841-A32F-56224B5B592A}.Debug|Any CPU.ActiveCfg = Debug|Any CPU
		{126201DE-2BBE-4841-A32F-56224B5B592A}.Debug|Any CPU.Build.0 = Debug|Any CPU
		{126201DE-2BBE-4841-A32F-56224B5B592A}.Release|Any CPU.ActiveCfg = Release|Any CPU
		{126201DE-2BBE-4841-A32F-56224B5B592A}.Release|Any CPU.Build.0 = Release|Any CPU
		{DD5D6886-79E1-40D7-80EA-4D99F36BD36B}.Debug|Any CPU.ActiveCfg = Debug|Any CPU
		{DD5D6886-79E1-40D7-80EA-4D99F36BD36B}.Debug|Any CPU.Build.0 = Debug|Any CPU
		{DD5D6886-79E1-40D7-80EA-4D99F36BD36B}.Release|Any CPU.ActiveCfg = Release|Any CPU
		{DD5D6886-79E1-40D7-80EA-4D99F36BD36B}.Release|Any CPU.Build.0 = Release|Any CPU
		{B954A9AB-3045-4C36-8D9E-2F1245B09AE4}.Debug|Any CPU.ActiveCfg = Debug|Any CPU
		{B954A9AB-3045-4C36-8D9E-2F1245B09AE4}.Debug|Any CPU.Build.0 = Debug|Any CPU
		{B954A9AB-3045-4C36-8D9E-2F1245B09AE4}.Release|Any CPU.ActiveCfg = Release|Any CPU
		{B954A9AB-3045-4C36-8D9E-2F1245B09AE4}.Release|Any CPU.Build.0 = Release|Any CPU
		{DFD361F9-58C2-42CC-B992-77FC00D7A15F}.Debug|Any CPU.ActiveCfg = Debug|Any CPU
		{DFD361F9-58C2-42CC-B992-77FC00D7A15F}.Debug|Any CPU.Build.0 = Debug|Any CPU
		{DFD361F9-58C2-42CC-B992-77FC00D7A15F}.Release|Any CPU.ActiveCfg = Release|Any CPU
		{DFD361F9-58C2-42CC-B992-77FC00D7A15F}.Release|Any CPU.Build.0 = Release|Any CPU
		{16C7FC7C-1BC3-4193-909C-81EFD3113A39}.Debug|Any CPU.ActiveCfg = Debug|Any CPU
		{16C7FC7C-1BC3-4193-909C-81EFD3113A39}.Debug|Any CPU.Build.0 = Debug|Any CPU
		{16C7FC7C-1BC3-4193-909C-81EFD3113A39}.Release|Any CPU.ActiveCfg = Release|Any CPU
		{16C7FC7C-1BC3-4193-909C-81EFD3113A39}.Release|Any CPU.Build.0 = Release|Any CPU
	EndGlobalSection
	GlobalSection(SolutionProperties) = preSolution
		HideSolutionNode = FALSE
	EndGlobalSection
	GlobalSection(NestedProjects) = preSolution
		{480FF4DD-A6B3-4202-AB9B-1E88878801BE} = {BA9BB67B-6E5C-464B-8703-6A2403B5A6F0}
		{DD5D6886-79E1-40D7-80EA-4D99F36BD36B} = {BA9BB67B-6E5C-464B-8703-6A2403B5A6F0}
	EndGlobalSection
	GlobalSection(ExtensibilityGlobals) = postSolution
		SolutionGuid = {AC481D30-C6B8-479B-9963-F8309C6F60DF}
	EndGlobalSection
EndGlobal
